
Microsoft Visual Studio Solution File, Format Version 12.00
# Visual Studio 15
VisualStudioVersion = 15.0.26730.8
MinimumVisualStudioVersion = 10.0.40219.1
Project("{2150E333-8FDC-42A3-9474-1A3956D46DE8}") = "RoslynPackage", "RoslynPackage", "{E59EB98C-2619-4FA1-894A-CC6BFBAA557D}"
EndProject
Project("{9A19103F-16F7-4668-BE54-9A1E7A4F7556}") = "RoslynPackage", "RoslynPackage\RoslynPackage.csproj", "{7C05C5B8-9E19-427C-9C90-E506DE3279EF}"
EndProject
Project("{2150E333-8FDC-42A3-9474-1A3956D46DE8}") = "CallFromNetCore", "CallFromNetCore", "{8ECFBB3E-C538-43F2-9812-40F9ABD7955A}"
EndProject
Project("{9A19103F-16F7-4668-BE54-9A1E7A4F7556}") = "NetCoreImplant", "NetCoreImplant\NetCoreImplant.csproj", "{99ECA1B7-CEF7-4317-AEE9-B90F1B4B7303}"
EndProject
Project("{9A19103F-16F7-4668-BE54-9A1E7A4F7556}") = "NetCoreTest", "NetCoreTest\NetCoreTest.csproj", "{78B088D9-DC08-4190-8FAF-942822DD208A}"
EndProject
Project("{9A19103F-16F7-4668-BE54-9A1E7A4F7556}") = "NetCoreConsole", "NetCoreConsole\NetCoreConsole.csproj", "{2397673D-38E0-49D4-898E-0B9F848A6B31}"
EndProject
Project("{2150E333-8FDC-42A3-9474-1A3956D46DE8}") = "CallFromNetFx", "CallFromNetFx", "{A893889C-7A77-4201-8846-DFE0940B2651}"
EndProject
Project("{FAE04EC0-301F-11D3-BF4B-00C04F79EFBC}") = "NetFxTest", "NetFxTest\NetFxTest.csproj", "{F50CDD9B-9E67-4953-9ABA-F09ABBE3C36A}"
EndProject
Project("{FAE04EC0-301F-11D3-BF4B-00C04F79EFBC}") = "NetFxImplant", "NetFxImplant\NetFxImplant.csproj", "{E85912B8-7213-4C4B-8D6F-C575861DA9D8}"
EndProject
Project("{FAE04EC0-301F-11D3-BF4B-00C04F79EFBC}") = "NetFxConsole", "NetFxConsole\NetFxConsole.csproj", "{14B5BE34-922B-47ED-AF79-4F1638AE30AD}"
EndProject
Global
	GlobalSection(SolutionConfigurationPlatforms) = preSolution
		Debug|Any CPU = Debug|Any CPU
		Release|Any CPU = Release|Any CPU
	EndGlobalSection
	GlobalSection(ProjectConfigurationPlatforms) = postSolution
		{7C05C5B8-9E19-427C-9C90-E506DE3279EF}.Debug|Any CPU.ActiveCfg = Debug|Any CPU
		{7C05C5B8-9E19-427C-9C90-E506DE3279EF}.Debug|Any CPU.Build.0 = Debug|Any CPU
		{7C05C5B8-9E19-427C-9C90-E506DE3279EF}.Release|Any CPU.ActiveCfg = Release|Any CPU
		{7C05C5B8-9E19-427C-9C90-E506DE3279EF}.Release|Any CPU.Build.0 = Release|Any CPU
		{99ECA1B7-CEF7-4317-AEE9-B90F1B4B7303}.Debug|Any CPU.ActiveCfg = Debug|Any CPU
		{99ECA1B7-CEF7-4317-AEE9-B90F1B4B7303}.Debug|Any CPU.Build.0 = Debug|Any CPU
		{99ECA1B7-CEF7-4317-AEE9-B90F1B4B7303}.Release|Any CPU.ActiveCfg = Release|Any CPU
		{99ECA1B7-CEF7-4317-AEE9-B90F1B4B7303}.Release|Any CPU.Build.0 = Release|Any CPU
		{78B088D9-DC08-4190-8FAF-942822DD208A}.Debug|Any CPU.ActiveCfg = Debug|Any CPU
		{78B088D9-DC08-4190-8FAF-942822DD208A}.Debug|Any CPU.Build.0 = Debug|Any CPU
		{78B088D9-DC08-4190-8FAF-942822DD208A}.Release|Any CPU.ActiveCfg = Release|Any CPU
		{78B088D9-DC08-4190-8FAF-942822DD208A}.Release|Any CPU.Build.0 = Release|Any CPU
		{2397673D-38E0-49D4-898E-0B9F848A6B31}.Debug|Any CPU.ActiveCfg = Debug|Any CPU
		{2397673D-38E0-49D4-898E-0B9F848A6B31}.Debug|Any CPU.Build.0 = Debug|Any CPU
		{2397673D-38E0-49D4-898E-0B9F848A6B31}.Release|Any CPU.ActiveCfg = Release|Any CPU
		{2397673D-38E0-49D4-898E-0B9F848A6B31}.Release|Any CPU.Build.0 = Release|Any CPU
		{F50CDD9B-9E67-4953-9ABA-F09ABBE3C36A}.Debug|Any CPU.ActiveCfg = Debug|Any CPU
		{F50CDD9B-9E67-4953-9ABA-F09ABBE3C36A}.Debug|Any CPU.Build.0 = Debug|Any CPU
		{F50CDD9B-9E67-4953-9ABA-F09ABBE3C36A}.Release|Any CPU.ActiveCfg = Release|Any CPU
		{F50CDD9B-9E67-4953-9ABA-F09ABBE3C36A}.Release|Any CPU.Build.0 = Release|Any CPU
		{E85912B8-7213-4C4B-8D6F-C575861DA9D8}.Debug|Any CPU.ActiveCfg = Debug|Any CPU
		{E85912B8-7213-4C4B-8D6F-C575861DA9D8}.Debug|Any CPU.Build.0 = Debug|Any CPU
		{E85912B8-7213-4C4B-8D6F-C575861DA9D8}.Release|Any CPU.ActiveCfg = Release|Any CPU
		{E85912B8-7213-4C4B-8D6F-C575861DA9D8}.Release|Any CPU.Build.0 = Release|Any CPU
		{14B5BE34-922B-47ED-AF79-4F1638AE30AD}.Debug|Any CPU.ActiveCfg = Debug|Any CPU
		{14B5BE34-922B-47ED-AF79-4F1638AE30AD}.Debug|Any CPU.Build.0 = Debug|Any CPU
		{14B5BE34-922B-47ED-AF79-4F1638AE30AD}.Release|Any CPU.ActiveCfg = Release|Any CPU
		{14B5BE34-922B-47ED-AF79-4F1638AE30AD}.Release|Any CPU.Build.0 = Release|Any CPU
	EndGlobalSection
	GlobalSection(SolutionProperties) = preSolution
		HideSolutionNode = FALSE
	EndGlobalSection
	GlobalSection(NestedProjects) = preSolution
		{7C05C5B8-9E19-427C-9C90-E506DE3279EF} = {E59EB98C-2619-4FA1-894A-CC6BFBAA557D}
		{99ECA1B7-CEF7-4317-AEE9-B90F1B4B7303} = {8ECFBB3E-C538-43F2-9812-40F9ABD7955A}
		{78B088D9-DC08-4190-8FAF-942822DD208A} = {8ECFBB3E-C538-43F2-9812-40F9ABD7955A}
		{2397673D-38E0-49D4-898E-0B9F848A6B31} = {8ECFBB3E-C538-43F2-9812-40F9ABD7955A}
		{F50CDD9B-9E67-4953-9ABA-F09ABBE3C36A} = {A893889C-7A77-4201-8846-DFE0940B2651}
		{E85912B8-7213-4C4B-8D6F-C575861DA9D8} = {A893889C-7A77-4201-8846-DFE0940B2651}
		{14B5BE34-922B-47ED-AF79-4F1638AE30AD} = {A893889C-7A77-4201-8846-DFE0940B2651}
	EndGlobalSection
	GlobalSection(ExtensibilityGlobals) = postSolution
		SolutionGuid = {78E3171A-F42C-4EAF-90D2-72490C1B8C16}
	EndGlobalSection
EndGlobal
